// !$*UTF8*$!
{
	archiveVersion = 1;
	classes = {
	};
	objectVersion = 46;
	objects = {

/* Begin PBXBuildFile section */
		5E3C64D71E9708F2009A3391 /* WebKit.framework in Frameworks */ = {isa = PBXBuildFile; fileRef = 5E3C64D61E9708F2009A3391 /* WebKit.framework */; };
		5ED4B9CB1E98E91700E5506A /* LauncherTabUIViewController.m in Sources */ = {isa = PBXBuildFile; fileRef = 5ED4B9C51E98E91700E5506A /* LauncherTabUIViewController.m */; };
		5ED4B9CC1E98E91700E5506A /* OAuthMSAAuthenticator.mm in Sources */ = {isa = PBXBuildFile; fileRef = 5ED4B9C71E98E91700E5506A /* OAuthMSAAuthenticator.mm */; };
		5ED4B9CD1E98E91700E5506A /* RemoteSystemTabBarController.m in Sources */ = {isa = PBXBuildFile; fileRef = 5ED4B9CA1E98E91700E5506A /* RemoteSystemTabBarController.m */; };
		5ED4B9D01E98E92000E5506A /* TargetRemoteSystemTableViewController.m in Sources */ = {isa = PBXBuildFile; fileRef = 5ED4B9CF1E98E92000E5506A /* TargetRemoteSystemTableViewController.m */; };
		5ED4B9D31E98E92900E5506A /* AuthenticationViewController.m in Sources */ = {isa = PBXBuildFile; fileRef = 5ED4B9D21E98E92900E5506A /* AuthenticationViewController.m */; };
		5ED4B9DA1E98E94300E5506A /* AppDataSource.mm in Sources */ = {isa = PBXBuildFile; fileRef = 5ED4B9D51E98E94300E5506A /* AppDataSource.mm */; };
		5ED4B9DB1E98E94300E5506A /* AppDelegate.m in Sources */ = {isa = PBXBuildFile; fileRef = 5ED4B9D71E98E94300E5506A /* AppDelegate.m */; };
		5ED4B9DC1E98E94300E5506A /* Application.m in Sources */ = {isa = PBXBuildFile; fileRef = 5ED4B9D91E98E94300E5506A /* Application.m */; };
		5ED4B9DE1E98E98B00E5506A /* main.m in Sources */ = {isa = PBXBuildFile; fileRef = 5ED4B9DD1E98E98B00E5506A /* main.m */; };
		5ED4B9E11E98E9C300E5506A /* Main.storyboard in Resources */ = {isa = PBXBuildFile; fileRef = 5ED4B9DF1E98E9C300E5506A /* Main.storyboard */; };
		5ED4B9E31E98E9D600E5506A /* Assets.xcassets in Resources */ = {isa = PBXBuildFile; fileRef = 5ED4B9E21E98E9D600E5506A /* Assets.xcassets */; };
/* End PBXBuildFile section */

/* Begin PBXCopyFilesBuildPhase section */
		5E3C64BF1E97083B009A3391 /* Embed Frameworks */ = {
			isa = PBXCopyFilesBuildPhase;
			buildActionMask = 2147483647;
			dstPath = "";
			dstSubfolderSpec = 10;
			files = (
			);
			name = "Embed Frameworks";
			runOnlyForDeploymentPostprocessing = 0;
		};
/* End PBXCopyFilesBuildPhase section */

/* Begin PBXFileReference section */
		5E2A3C061E95B5AB00651C12 /* RomanApp.app */ = {isa = PBXFileReference; explicitFileType = wrapper.application; includeInIndex = 0; path = RomanApp.app; sourceTree = BUILT_PRODUCTS_DIR; };
		5E2A3C1A1E95B5AB00651C12 /* Info.plist */ = {isa = PBXFileReference; lastKnownFileType = text.plist.xml; path = Info.plist; sourceTree = "<group>"; };
		5E3C64D61E9708F2009A3391 /* WebKit.framework */ = {isa = PBXFileReference; lastKnownFileType = wrapper.framework; name = WebKit.framework; path = System/Library/Frameworks/WebKit.framework; sourceTree = SDKROOT; };
		5ED4B9C41E98E91700E5506A /* LauncherTabUIViewController.h */ = {isa = PBXFileReference; fileEncoding = 4; lastKnownFileType = sourcecode.c.h; path = LauncherTabUIViewController.h; sourceTree = SOURCE_ROOT; };
		5ED4B9C51E98E91700E5506A /* LauncherTabUIViewController.m */ = {isa = PBXFileReference; fileEncoding = 4; lastKnownFileType = sourcecode.c.objc; path = LauncherTabUIViewController.m; sourceTree = SOURCE_ROOT; };
		5ED4B9C61E98E91700E5506A /* OAuthMSAAuthenticator.h */ = {isa = PBXFileReference; fileEncoding = 4; lastKnownFileType = sourcecode.c.h; path = OAuthMSAAuthenticator.h; sourceTree = SOURCE_ROOT; };
		5ED4B9C71E98E91700E5506A /* OAuthMSAAuthenticator.mm */ = {isa = PBXFileReference; fileEncoding = 4; lastKnownFileType = sourcecode.cpp.objcpp; path = OAuthMSAAuthenticator.mm; sourceTree = SOURCE_ROOT; };
		5ED4B9C81E98E91700E5506A /* OAuthMSAAuthenticatorDelegate.h */ = {isa = PBXFileReference; fileEncoding = 4; lastKnownFileType = sourcecode.c.h; path = OAuthMSAAuthenticatorDelegate.h; sourceTree = SOURCE_ROOT; };
		5ED4B9C91E98E91700E5506A /* RemoteSystemTabBarController.h */ = {isa = PBXFileReference; fileEncoding = 4; lastKnownFileType = sourcecode.c.h; path = RemoteSystemTabBarController.h; sourceTree = SOURCE_ROOT; };
		5ED4B9CA1E98E91700E5506A /* RemoteSystemTabBarController.m */ = {isa = PBXFileReference; fileEncoding = 4; lastKnownFileType = sourcecode.c.objc; path = RemoteSystemTabBarController.m; sourceTree = SOURCE_ROOT; };
		5ED4B9CE1E98E92000E5506A /* TargetRemoteSystemTableViewController.h */ = {isa = PBXFileReference; fileEncoding = 4; lastKnownFileType = sourcecode.c.h; path = TargetRemoteSystemTableViewController.h; sourceTree = SOURCE_ROOT; };
		5ED4B9CF1E98E92000E5506A /* TargetRemoteSystemTableViewController.m */ = {isa = PBXFileReference; fileEncoding = 4; lastKnownFileType = sourcecode.c.objc; path = TargetRemoteSystemTableViewController.m; sourceTree = SOURCE_ROOT; };
		5ED4B9D11E98E92900E5506A /* AuthenticationViewController.h */ = {isa = PBXFileReference; fileEncoding = 4; lastKnownFileType = sourcecode.c.h; path = AuthenticationViewController.h; sourceTree = SOURCE_ROOT; };
		5ED4B9D21E98E92900E5506A /* AuthenticationViewController.m */ = {isa = PBXFileReference; fileEncoding = 4; lastKnownFileType = sourcecode.c.objc; path = AuthenticationViewController.m; sourceTree = SOURCE_ROOT; };
		5ED4B9D41E98E94300E5506A /* AppDataSource.h */ = {isa = PBXFileReference; fileEncoding = 4; lastKnownFileType = sourcecode.c.h; path = AppDataSource.h; sourceTree = SOURCE_ROOT; };
		5ED4B9D51E98E94300E5506A /* AppDataSource.mm */ = {isa = PBXFileReference; fileEncoding = 4; lastKnownFileType = sourcecode.cpp.objcpp; path = AppDataSource.mm; sourceTree = SOURCE_ROOT; };
		5ED4B9D61E98E94300E5506A /* AppDelegate.h */ = {isa = PBXFileReference; fileEncoding = 4; lastKnownFileType = sourcecode.c.h; path = AppDelegate.h; sourceTree = SOURCE_ROOT; };
		5ED4B9D71E98E94300E5506A /* AppDelegate.m */ = {isa = PBXFileReference; fileEncoding = 4; lastKnownFileType = sourcecode.c.objc; path = AppDelegate.m; sourceTree = SOURCE_ROOT; };
		5ED4B9D81E98E94300E5506A /* Application.h */ = {isa = PBXFileReference; fileEncoding = 4; lastKnownFileType = sourcecode.c.h; path = Application.h; sourceTree = SOURCE_ROOT; };
		5ED4B9D91E98E94300E5506A /* Application.m */ = {isa = PBXFileReference; fileEncoding = 4; lastKnownFileType = sourcecode.c.objc; path = Application.m; sourceTree = SOURCE_ROOT; };
		5ED4B9DD1E98E98B00E5506A /* main.m */ = {isa = PBXFileReference; fileEncoding = 4; lastKnownFileType = sourcecode.c.objc; path = main.m; sourceTree = SOURCE_ROOT; };
		5ED4B9E01E98E9C300E5506A /* Base */ = {isa = PBXFileReference; lastKnownFileType = file.storyboard; name = Base; path = Base.lproj/Main.storyboard; sourceTree = SOURCE_ROOT; };
		5ED4B9E21E98E9D600E5506A /* Assets.xcassets */ = {isa = PBXFileReference; lastKnownFileType = folder.assetcatalog; path = Assets.xcassets; sourceTree = SOURCE_ROOT; };
/* End PBXFileReference section */

/* Begin PBXFrameworksBuildPhase section */
		5E2A3C031E95B5AB00651C12 /* Frameworks */ = {
			isa = PBXFrameworksBuildPhase;
			buildActionMask = 2147483647;
			files = (
				5E3C64D71E9708F2009A3391 /* WebKit.framework in Frameworks */,
			);
			runOnlyForDeploymentPostprocessing = 0;
		};
/* End PBXFrameworksBuildPhase section */

/* Begin PBXGroup section */
		5E2A3BFD1E95B5AA00651C12 = {
			isa = PBXGroup;
			children = (
				5E2A3C081E95B5AB00651C12 /* RomanApp */,
				5E2A3C071E95B5AB00651C12 /* Products */,
				5EE3E3EB1E95C587001A4236 /* Frameworks */,
			);
			sourceTree = "<group>";
		};
		5E2A3C071E95B5AB00651C12 /* Products */ = {
			isa = PBXGroup;
			children = (
				5E2A3C061E95B5AB00651C12 /* RomanApp.app */,
			);
			name = Products;
			sourceTree = "<group>";
		};
		5E2A3C081E95B5AB00651C12 /* RomanApp */ = {
			isa = PBXGroup;
			children = (
				5ED4B9E21E98E9D600E5506A /* Assets.xcassets */,
				5ED4B9DF1E98E9C300E5506A /* Main.storyboard */,
				5ED4B9D41E98E94300E5506A /* AppDataSource.h */,
				5ED4B9D51E98E94300E5506A /* AppDataSource.mm */,
				5ED4B9D61E98E94300E5506A /* AppDelegate.h */,
				5ED4B9D71E98E94300E5506A /* AppDelegate.m */,
				5ED4B9D81E98E94300E5506A /* Application.h */,
				5ED4B9D91E98E94300E5506A /* Application.m */,
				5ED4B9D11E98E92900E5506A /* AuthenticationViewController.h */,
				5ED4B9D21E98E92900E5506A /* AuthenticationViewController.m */,
				5ED4B9CE1E98E92000E5506A /* TargetRemoteSystemTableViewController.h */,
				5ED4B9CF1E98E92000E5506A /* TargetRemoteSystemTableViewController.m */,
				5ED4B9C41E98E91700E5506A /* LauncherTabUIViewController.h */,
				5ED4B9C51E98E91700E5506A /* LauncherTabUIViewController.m */,
				5ED4B9C61E98E91700E5506A /* OAuthMSAAuthenticator.h */,
				5ED4B9C71E98E91700E5506A /* OAuthMSAAuthenticator.mm */,
				5ED4B9C81E98E91700E5506A /* OAuthMSAAuthenticatorDelegate.h */,
				5ED4B9C91E98E91700E5506A /* RemoteSystemTabBarController.h */,
				5ED4B9CA1E98E91700E5506A /* RemoteSystemTabBarController.m */,
				5E2A3C1A1E95B5AB00651C12 /* Info.plist */,
				5E2A3C091E95B5AB00651C12 /* Supporting Files */,
			);
			path = RomanApp;
			sourceTree = "<group>";
		};
		5E2A3C091E95B5AB00651C12 /* Supporting Files */ = {
			isa = PBXGroup;
			children = (
				5ED4B9DD1E98E98B00E5506A /* main.m */,
			);
			name = "Supporting Files";
			sourceTree = "<group>";
		};
		5EE3E3EB1E95C587001A4236 /* Frameworks */ = {
			isa = PBXGroup;
			children = (
				5E3C64D61E9708F2009A3391 /* WebKit.framework */,
			);
			name = Frameworks;
			sourceTree = "<group>";
		};
/* End PBXGroup section */

/* Begin PBXNativeTarget section */
		5E2A3C051E95B5AB00651C12 /* RomanApp */ = {
			isa = PBXNativeTarget;
			buildConfigurationList = 5E2A3C1D1E95B5AB00651C12 /* Build configuration list for PBXNativeTarget "RomanApp" */;
			buildPhases = (
				5E2A3C021E95B5AB00651C12 /* Sources */,
				5E2A3C031E95B5AB00651C12 /* Frameworks */,
				5E2A3C041E95B5AB00651C12 /* Resources */,
				5E3C64BF1E97083B009A3391 /* Embed Frameworks */,
			);
			buildRules = (
			);
			dependencies = (
			);
			name = RomanApp;
			productName = RomanApp;
			productReference = 5E2A3C061E95B5AB00651C12 /* RomanApp.app */;
			productType = "com.apple.product-type.application";
		};
/* End PBXNativeTarget section */

/* Begin PBXProject section */
		5E2A3BFE1E95B5AA00651C12 /* Project object */ = {
			isa = PBXProject;
			attributes = {
				LastUpgradeCheck = 0820;
				ORGANIZATIONNAME = microsoft;
				TargetAttributes = {
					5E2A3C051E95B5AB00651C12 = {
						CreatedOnToolsVersion = 8.2.1;
						DevelopmentTeam = SX87JX3VC9;
						ProvisioningStyle = Automatic;
					};
				};
			};
			buildConfigurationList = 5E2A3C011E95B5AA00651C12 /* Build configuration list for PBXProject "RomanApp" */;
			compatibilityVersion = "Xcode 3.2";
			developmentRegion = English;
			hasScannedForEncodings = 0;
			knownRegions = (
				en,
				Base,
			);
			mainGroup = 5E2A3BFD1E95B5AA00651C12;
			productRefGroup = 5E2A3C071E95B5AB00651C12 /* Products */;
			projectDirPath = "";
			projectRoot = "";
			targets = (
				5E2A3C051E95B5AB00651C12 /* RomanApp */,
			);
		};
/* End PBXProject section */

/* Begin PBXResourcesBuildPhase section */
		5E2A3C041E95B5AB00651C12 /* Resources */ = {
			isa = PBXResourcesBuildPhase;
			buildActionMask = 2147483647;
			files = (
				5ED4B9E31E98E9D600E5506A /* Assets.xcassets in Resources */,
				5ED4B9E11E98E9C300E5506A /* Main.storyboard in Resources */,
			);
			runOnlyForDeploymentPostprocessing = 0;
		};
/* End PBXResourcesBuildPhase section */

/* Begin PBXSourcesBuildPhase section */
		5E2A3C021E95B5AB00651C12 /* Sources */ = {
			isa = PBXSourcesBuildPhase;
			buildActionMask = 2147483647;
			files = (
				5ED4B9DC1E98E94300E5506A /* Application.m in Sources */,
				5ED4B9D01E98E92000E5506A /* TargetRemoteSystemTableViewController.m in Sources */,
				5ED4B9DA1E98E94300E5506A /* AppDataSource.mm in Sources */,
				5ED4B9D31E98E92900E5506A /* AuthenticationViewController.m in Sources */,
				5ED4B9CD1E98E91700E5506A /* RemoteSystemTabBarController.m in Sources */,
				5ED4B9DB1E98E94300E5506A /* AppDelegate.m in Sources */,
				5ED4B9CB1E98E91700E5506A /* LauncherTabUIViewController.m in Sources */,
				5ED4B9DE1E98E98B00E5506A /* main.m in Sources */,
				5ED4B9CC1E98E91700E5506A /* OAuthMSAAuthenticator.mm in Sources */,
			);
			runOnlyForDeploymentPostprocessing = 0;
		};
/* End PBXSourcesBuildPhase section */

/* Begin PBXVariantGroup section */
		5ED4B9DF1E98E9C300E5506A /* Main.storyboard */ = {
			isa = PBXVariantGroup;
			children = (
				5ED4B9E01E98E9C300E5506A /* Base */,
			);
			name = Main.storyboard;
			sourceTree = "<group>";
		};
/* End PBXVariantGroup section */

/* Begin XCBuildConfiguration section */
		5E2A3C1B1E95B5AB00651C12 /* Debug */ = {
			isa = XCBuildConfiguration;
			buildSettings = {
				ALWAYS_SEARCH_USER_PATHS = NO;
				CLANG_ANALYZER_NONNULL = YES;
				CLANG_CXX_LANGUAGE_STANDARD = "gnu++0x";
				CLANG_CXX_LIBRARY = "libc++";
				CLANG_ENABLE_MODULES = YES;
				CLANG_ENABLE_OBJC_ARC = YES;
				CLANG_WARN_BOOL_CONVERSION = YES;
				CLANG_WARN_CONSTANT_CONVERSION = YES;
				CLANG_WARN_DIRECT_OBJC_ISA_USAGE = YES_ERROR;
				CLANG_WARN_DOCUMENTATION_COMMENTS = YES;
				CLANG_WARN_EMPTY_BODY = YES;
				CLANG_WARN_ENUM_CONVERSION = YES;
				CLANG_WARN_INFINITE_RECURSION = YES;
				CLANG_WARN_INT_CONVERSION = YES;
				CLANG_WARN_OBJC_ROOT_CLASS = YES_ERROR;
				CLANG_WARN_SUSPICIOUS_MOVE = YES;
				CLANG_WARN_UNREACHABLE_CODE = YES;
				CLANG_WARN__DUPLICATE_METHOD_MATCH = YES;
				"CODE_SIGN_IDENTITY[sdk=iphoneos*]" = "iPhone Developer";
				COPY_PHASE_STRIP = NO;
				DEBUG_INFORMATION_FORMAT = dwarf;
				ENABLE_STRICT_OBJC_MSGSEND = YES;
				ENABLE_TESTABILITY = YES;
				GCC_C_LANGUAGE_STANDARD = gnu99;
				GCC_DYNAMIC_NO_PIC = NO;
				GCC_NO_COMMON_BLOCKS = YES;
				GCC_OPTIMIZATION_LEVEL = 0;
				GCC_PREPROCESSOR_DEFINITIONS = (
					"DEBUG=1",
					"$(inherited)",
				);
				GCC_WARN_64_TO_32_BIT_CONVERSION = YES;
				GCC_WARN_ABOUT_RETURN_TYPE = YES_ERROR;
				GCC_WARN_UNDECLARED_SELECTOR = YES;
				GCC_WARN_UNINITIALIZED_AUTOS = YES_AGGRESSIVE;
				GCC_WARN_UNUSED_FUNCTION = YES;
				GCC_WARN_UNUSED_VARIABLE = YES;
				IPHONEOS_DEPLOYMENT_TARGET = 10.2;
				MTL_ENABLE_DEBUG_INFO = YES;
				ONLY_ACTIVE_ARCH = YES;
				SDKROOT = iphoneos;
			};
			name = Debug;
		};
		5E2A3C1C1E95B5AB00651C12 /* Release */ = {
			isa = XCBuildConfiguration;
			buildSettings = {
				ALWAYS_SEARCH_USER_PATHS = NO;
				CLANG_ANALYZER_NONNULL = YES;
				CLANG_CXX_LANGUAGE_STANDARD = "gnu++0x";
				CLANG_CXX_LIBRARY = "libc++";
				CLANG_ENABLE_MODULES = YES;
				CLANG_ENABLE_OBJC_ARC = YES;
				CLANG_WARN_BOOL_CONVERSION = YES;
				CLANG_WARN_CONSTANT_CONVERSION = YES;
				CLANG_WARN_DIRECT_OBJC_ISA_USAGE = YES_ERROR;
				CLANG_WARN_DOCUMENTATION_COMMENTS = YES;
				CLANG_WARN_EMPTY_BODY = YES;
				CLANG_WARN_ENUM_CONVERSION = YES;
				CLANG_WARN_INFINITE_RECURSION = YES;
				CLANG_WARN_INT_CONVERSION = YES;
				CLANG_WARN_OBJC_ROOT_CLASS = YES_ERROR;
				CLANG_WARN_SUSPICIOUS_MOVE = YES;
				CLANG_WARN_UNREACHABLE_CODE = YES;
				CLANG_WARN__DUPLICATE_METHOD_MATCH = YES;
				"CODE_SIGN_IDENTITY[sdk=iphoneos*]" = "iPhone Developer";
				COPY_PHASE_STRIP = NO;
				DEBUG_INFORMATION_FORMAT = "dwarf-with-dsym";
				ENABLE_NS_ASSERTIONS = NO;
				ENABLE_STRICT_OBJC_MSGSEND = YES;
				GCC_C_LANGUAGE_STANDARD = gnu99;
				GCC_NO_COMMON_BLOCKS = YES;
				GCC_WARN_64_TO_32_BIT_CONVERSION = YES;
				GCC_WARN_ABOUT_RETURN_TYPE = YES_ERROR;
				GCC_WARN_UNDECLARED_SELECTOR = YES;
				GCC_WARN_UNINITIALIZED_AUTOS = YES_AGGRESSIVE;
				GCC_WARN_UNUSED_FUNCTION = YES;
				GCC_WARN_UNUSED_VARIABLE = YES;
				IPHONEOS_DEPLOYMENT_TARGET = 10.2;
				MTL_ENABLE_DEBUG_INFO = NO;
				SDKROOT = iphoneos;
				VALIDATE_PRODUCT = YES;
			};
			name = Release;
		};
		5E2A3C1E1E95B5AB00651C12 /* Debug */ = {
			isa = XCBuildConfiguration;
			buildSettings = {
				ASSETCATALOG_COMPILER_APPICON_NAME = AppIcon;
				ASSETCATALOG_COMPILER_LAUNCHIMAGE_NAME = LaunchImage;
				"CODE_SIGN_IDENTITY[sdk=iphoneos*]" = "iPhone Developer";
				DEVELOPMENT_TEAM = SX87JX3VC9;
				ENABLE_BITCODE = NO;
				FRAMEWORK_SEARCH_PATHS = (
					"$(inherited)",
					"$(PROJECT_DIR)",
				);
				INFOPLIST_FILE = Info.plist;
				LD_RUNPATH_SEARCH_PATHS = "$(inherited) @executable_path/Frameworks";
				PRODUCT_BUNDLE_IDENTIFIER = com.microsoft.romanapp;
				PRODUCT_NAME = "$(TARGET_NAME)";
				STRIP_BITCODE_FROM_COPIED_FILES = NO;
			};
			name = Debug;
		};
		5E2A3C1F1E95B5AB00651C12 /* Release */ = {
			isa = XCBuildConfiguration;
			buildSettings = {
				ASSETCATALOG_COMPILER_APPICON_NAME = AppIcon;
				ASSETCATALOG_COMPILER_LAUNCHIMAGE_NAME = LaunchImage;
				"CODE_SIGN_IDENTITY[sdk=iphoneos*]" = "iPhone Developer";
				DEVELOPMENT_TEAM = SX87JX3VC9;
				ENABLE_BITCODE = NO;
				FRAMEWORK_SEARCH_PATHS = (
					"$(inherited)",
					"$(PROJECT_DIR)",
				);
				INFOPLIST_FILE = Info.plist;
				LD_RUNPATH_SEARCH_PATHS = "$(inherited) @executable_path/Frameworks";
				PRODUCT_BUNDLE_IDENTIFIER = com.microsoft.romanapp;
				PRODUCT_NAME = "$(TARGET_NAME)";
				STRIP_BITCODE_FROM_COPIED_FILES = NO;
			};
			name = Release;
		};
/* End XCBuildConfiguration section */

/* Begin XCConfigurationList section */
		5E2A3C011E95B5AA00651C12 /* Build configuration list for PBXProject "RomanApp" */ = {
			isa = XCConfigurationList;
			buildConfigurations = (
				5E2A3C1B1E95B5AB00651C12 /* Debug */,
				5E2A3C1C1E95B5AB00651C12 /* Release */,
			);
			defaultConfigurationIsVisible = 0;
			defaultConfigurationName = Release;
		};
		5E2A3C1D1E95B5AB00651C12 /* Build configuration list for PBXNativeTarget "RomanApp" */ = {
			isa = XCConfigurationList;
			buildConfigurations = (
				5E2A3C1E1E95B5AB00651C12 /* Debug */,
				5E2A3C1F1E95B5AB00651C12 /* Release */,
			);
			defaultConfigurationIsVisible = 0;
			defaultConfigurationName = Release;
		};
/* End XCConfigurationList section */
	};
	rootObject = 5E2A3BFE1E95B5AA00651C12 /* Project object */;
}
