
Microsoft Visual Studio Solution File, Format Version 12.00
# Visual Studio 15
VisualStudioVersion = 15.0.26020.0
MinimumVisualStudioVersion = 10.0.40219.1
Project("{FAE04EC0-301F-11D3-BF4B-00C04F79EFBC}") = "ConnectedDevices.Xamarin.Droid", "ConnectedDevices.Xamarin.Droid\ConnectedDevices.Xamarin.Droid.csproj", "{56EC46C7-3A80-46A1-86F0-652D2D8AD461}"
EndProject
Project("{FAE04EC0-301F-11D3-BF4B-00C04F79EFBC}") = "ConnectedDevices.Xamarin.Droid.Core", "ConnectedDevices.Xamarin.Droid.Core\ConnectedDevices.Xamarin.Droid.Core.csproj", "{11CF356A-08DD-44A9-8531-73D41735F0DB}"
EndProject
Global
	GlobalSection(SolutionConfigurationPlatforms) = preSolution
		Debug|Any CPU = Debug|Any CPU
		Release|Any CPU = Release|Any CPU
	EndGlobalSection
	GlobalSection(ProjectConfigurationPlatforms) = postSolution
		{56EC46C7-3A80-46A1-86F0-652D2D8AD461}.Debug|Any CPU.ActiveCfg = Debug|Any CPU
		{56EC46C7-3A80-46A1-86F0-652D2D8AD461}.Debug|Any CPU.Build.0 = Debug|Any CPU
		{56EC46C7-3A80-46A1-86F0-652D2D8AD461}.Release|Any CPU.ActiveCfg = Release|Any CPU
		{56EC46C7-3A80-46A1-86F0-652D2D8AD461}.Release|Any CPU.Build.0 = Release|Any CPU
		{11CF356A-08DD-44A9-8531-73D41735F0DB}.Debug|Any CPU.ActiveCfg = Debug|Any CPU
		{11CF356A-08DD-44A9-8531-73D41735F0DB}.Debug|Any CPU.Build.0 = Debug|Any CPU
		{11CF356A-08DD-44A9-8531-73D41735F0DB}.Release|Any CPU.ActiveCfg = Release|Any CPU
		{11CF356A-08DD-44A9-8531-73D41735F0DB}.Release|Any CPU.Build.0 = Release|Any CPU
	EndGlobalSection
	GlobalSection(SolutionProperties) = preSolution
		HideSolutionNode = FALSE
	EndGlobalSection
EndGlobal
