
Microsoft Visual Studio Solution File, Format Version 12.00
# Visual Studio 15
VisualStudioVersion = 15.0.28307.779
MinimumVisualStudioVersion = 10.0.40219.1
Project("{FAE04EC0-301F-11D3-BF4B-00C04F79EFBC}") = "GraphNotificationsUsingUnsId", "GraphNotificationsUsingUnsId.csproj", "{36B1F251-188F-4F60-A63B-CDB0BD482BAD}"
EndProject
Global
	GlobalSection(SolutionConfigurationPlatforms) = preSolution
		Debug|Any CPU = Debug|Any CPU
		Release|Any CPU = Release|Any CPU
	EndGlobalSection
	GlobalSection(ProjectConfigurationPlatforms) = postSolution
		{36B1F251-188F-4F60-A63B-CDB0BD482BAD}.Debug|Any CPU.ActiveCfg = Debug|Any CPU
		{36B1F251-188F-4F60-A63B-CDB0BD482BAD}.Debug|Any CPU.Build.0 = Debug|Any CPU
		{36B1F251-188F-4F60-A63B-CDB0BD482BAD}.Release|Any CPU.ActiveCfg = Release|Any CPU
		{36B1F251-188F-4F60-A63B-CDB0BD482BAD}.Release|Any CPU.Build.0 = Release|Any CPU
	EndGlobalSection
	GlobalSection(SolutionProperties) = preSolution
		HideSolutionNode = FALSE
	EndGlobalSection
	GlobalSection(ExtensibilityGlobals) = postSolution
		SolutionGuid = {8E2715E0-38F9-4CBD-93F6-431363017DD5}
	EndGlobalSection
EndGlobal
